// !$*UTF8*$!
{
	archiveVersion = 1;
	classes = {
	};
	objectVersion = 46;
	objects = {

/* Begin PBXBuildFile section */
		3BA82B4E1FA2BC5700316816 /* TPView.m in Sources */ = {isa = PBXBuildFile; fileRef = 3BA82B4D1FA2BC5700316816 /* TPView.m */; };
		3BDC24AF1FA187C500EB55EE /* TPTableView.m in Sources */ = {isa = PBXBuildFile; fileRef = 3BDC24AE1FA187C500EB55EE /* TPTableView.m */; };
		3BDC24B21FA1E5E400EB55EE /* TPTableViewCell.m in Sources */ = {isa = PBXBuildFile; fileRef = 3BDC24B11FA1E5E400EB55EE /* TPTableViewCell.m */; };
		3BDCF9731FA02E1A008DE4A4 /* main.m in Sources */ = {isa = PBXBuildFile; fileRef = 3BDCF9721FA02E1A008DE4A4 /* main.m */; };
		3BDCF9761FA02E1A008DE4A4 /* AppDelegate.m in Sources */ = {isa = PBXBuildFile; fileRef = 3BDCF9751FA02E1A008DE4A4 /* AppDelegate.m */; };
		3BDCF9791FA02E1A008DE4A4 /* ViewController.m in Sources */ = {isa = PBXBuildFile; fileRef = 3BDCF9781FA02E1A008DE4A4 /* ViewController.m */; };
		3BDCF97C1FA02E1A008DE4A4 /* Main.storyboard in Resources */ = {isa = PBXBuildFile; fileRef = 3BDCF97A1FA02E1A008DE4A4 /* Main.storyboard */; };
		3BDCF97E1FA02E1B008DE4A4 /* Assets.xcassets in Resources */ = {isa = PBXBuildFile; fileRef = 3BDCF97D1FA02E1B008DE4A4 /* Assets.xcassets */; };
		3BDCF9811FA02E1B008DE4A4 /* LaunchScreen.storyboard in Resources */ = {isa = PBXBuildFile; fileRef = 3BDCF97F1FA02E1B008DE4A4 /* LaunchScreen.storyboard */; };
		3BDCF9891FA02FEA008DE4A4 /* Podfile in Resources */ = {isa = PBXBuildFile; fileRef = 3BDCF9881FA02FEA008DE4A4 /* Podfile */; };
		3BDCF98E1FA063E6008DE4A4 /* UIView+TPChildViewCategory.m in Sources */ = {isa = PBXBuildFile; fileRef = 3BDCF98D1FA063E6008DE4A4 /* UIView+TPChildViewCategory.m */; };
		3BDCF9911FA07C04008DE4A4 /* UIButton+TPButtonCategory.m in Sources */ = {isa = PBXBuildFile; fileRef = 3BDCF9901FA07C04008DE4A4 /* UIButton+TPButtonCategory.m */; };
		CCD5191131675FF39CDF13C4 /* libPods-TanPanProject.a in Frameworks */ = {isa = PBXBuildFile; fileRef = 8BE29C23E9DC9C97785D5011 /* libPods-TanPanProject.a */; };
/* End PBXBuildFile section */

/* Begin PBXFileReference section */
		3BA82B4C1FA2BC5700316816 /* TPView.h */ = {isa = PBXFileReference; fileEncoding = 4; lastKnownFileType = sourcecode.c.h; path = TPView.h; sourceTree = "<group>"; };
		3BA82B4D1FA2BC5700316816 /* TPView.m */ = {isa = PBXFileReference; fileEncoding = 4; lastKnownFileType = sourcecode.c.objc; path = TPView.m; sourceTree = "<group>"; };
		3BDC24AD1FA187C500EB55EE /* TPTableView.h */ = {isa = PBXFileReference; fileEncoding = 4; lastKnownFileType = sourcecode.c.h; path = TPTableView.h; sourceTree = "<group>"; };
		3BDC24AE1FA187C500EB55EE /* TPTableView.m */ = {isa = PBXFileReference; fileEncoding = 4; lastKnownFileType = sourcecode.c.objc; path = TPTableView.m; sourceTree = "<group>"; };
		3BDC24B01FA1E5E400EB55EE /* TPTableViewCell.h */ = {isa = PBXFileReference; fileEncoding = 4; lastKnownFileType = sourcecode.c.h; path = TPTableViewCell.h; sourceTree = "<group>"; };
		3BDC24B11FA1E5E400EB55EE /* TPTableViewCell.m */ = {isa = PBXFileReference; fileEncoding = 4; lastKnownFileType = sourcecode.c.objc; path = TPTableViewCell.m; sourceTree = "<group>"; };
		3BDCF96E1FA02E1A008DE4A4 /* TanPanProject.app */ = {isa = PBXFileReference; explicitFileType = wrapper.application; includeInIndex = 0; path = TanPanProject.app; sourceTree = BUILT_PRODUCTS_DIR; };
		3BDCF9721FA02E1A008DE4A4 /* main.m */ = {isa = PBXFileReference; lastKnownFileType = sourcecode.c.objc; path = main.m; sourceTree = "<group>"; };
		3BDCF9741FA02E1A008DE4A4 /* AppDelegate.h */ = {isa = PBXFileReference; lastKnownFileType = sourcecode.c.h; path = AppDelegate.h; sourceTree = "<group>"; };
		3BDCF9751FA02E1A008DE4A4 /* AppDelegate.m */ = {isa = PBXFileReference; lastKnownFileType = sourcecode.c.objc; path = AppDelegate.m; sourceTree = "<group>"; };
		3BDCF9771FA02E1A008DE4A4 /* ViewController.h */ = {isa = PBXFileReference; lastKnownFileType = sourcecode.c.h; path = ViewController.h; sourceTree = "<group>"; };
		3BDCF9781FA02E1A008DE4A4 /* ViewController.m */ = {isa = PBXFileReference; lastKnownFileType = sourcecode.c.objc; path = ViewController.m; sourceTree = "<group>"; };
		3BDCF97B1FA02E1A008DE4A4 /* Base */ = {isa = PBXFileReference; lastKnownFileType = file.storyboard; name = Base; path = Base.lproj/Main.storyboard; sourceTree = "<group>"; };
		3BDCF97D1FA02E1B008DE4A4 /* Assets.xcassets */ = {isa = PBXFileReference; lastKnownFileType = folder.assetcatalog; path = Assets.xcassets; sourceTree = "<group>"; };
		3BDCF9801FA02E1B008DE4A4 /* Base */ = {isa = PBXFileReference; lastKnownFileType = file.storyboard; name = Base; path = Base.lproj/LaunchScreen.storyboard; sourceTree = "<group>"; };
		3BDCF9821FA02E1B008DE4A4 /* Info.plist */ = {isa = PBXFileReference; lastKnownFileType = text.plist.xml; path = Info.plist; sourceTree = "<group>"; };
		3BDCF9881FA02FEA008DE4A4 /* Podfile */ = {isa = PBXFileReference; fileEncoding = 4; lastKnownFileType = text; path = Podfile; sourceTree = "<group>"; };
		3BDCF98A1FA03053008DE4A4 /* PrefixHeader.pch */ = {isa = PBXFileReference; lastKnownFileType = sourcecode.c.h; path = PrefixHeader.pch; sourceTree = "<group>"; };
		3BDCF98C1FA063E6008DE4A4 /* UIView+TPChildViewCategory.h */ = {isa = PBXFileReference; fileEncoding = 4; lastKnownFileType = sourcecode.c.h; path = "UIView+TPChildViewCategory.h"; sourceTree = "<group>"; };
		3BDCF98D1FA063E6008DE4A4 /* UIView+TPChildViewCategory.m */ = {isa = PBXFileReference; fileEncoding = 4; lastKnownFileType = sourcecode.c.objc; path = "UIView+TPChildViewCategory.m"; sourceTree = "<group>"; };
		3BDCF98F1FA07C04008DE4A4 /* UIButton+TPButtonCategory.h */ = {isa = PBXFileReference; fileEncoding = 4; lastKnownFileType = sourcecode.c.h; path = "UIButton+TPButtonCategory.h"; sourceTree = "<group>"; };
		3BDCF9901FA07C04008DE4A4 /* UIButton+TPButtonCategory.m */ = {isa = PBXFileReference; fileEncoding = 4; lastKnownFileType = sourcecode.c.objc; path = "UIButton+TPButtonCategory.m"; sourceTree = "<group>"; };
		4E5C525242CDBF9223216E44 /* Pods-TanPanProject.debug.xcconfig */ = {isa = PBXFileReference; includeInIndex = 1; lastKnownFileType = text.xcconfig; name = "Pods-TanPanProject.debug.xcconfig"; path = "Pods/Target Support Files/Pods-TanPanProject/Pods-TanPanProject.debug.xcconfig"; sourceTree = "<group>"; };
		8BE29C23E9DC9C97785D5011 /* libPods-TanPanProject.a */ = {isa = PBXFileReference; explicitFileType = archive.ar; includeInIndex = 0; path = "libPods-TanPanProject.a"; sourceTree = BUILT_PRODUCTS_DIR; };
		AA4F1654B138A30E9A8FAE70 /* Pods-TanPanProject.release.xcconfig */ = {isa = PBXFileReference; includeInIndex = 1; lastKnownFileType = text.xcconfig; name = "Pods-TanPanProject.release.xcconfig"; path = "Pods/Target Support Files/Pods-TanPanProject/Pods-TanPanProject.release.xcconfig"; sourceTree = "<group>"; };
/* End PBXFileReference section */

/* Begin PBXFrameworksBuildPhase section */
		3BDCF96B1FA02E1A008DE4A4 /* Frameworks */ = {
			isa = PBXFrameworksBuildPhase;
			buildActionMask = 2147483647;
			files = (
				CCD5191131675FF39CDF13C4 /* libPods-TanPanProject.a in Frameworks */,
			);
			runOnlyForDeploymentPostprocessing = 0;
		};
/* End PBXFrameworksBuildPhase section */

/* Begin PBXGroup section */
		3BDCF9651FA02E1A008DE4A4 = {
			isa = PBXGroup;
			children = (
				3BDCF9881FA02FEA008DE4A4 /* Podfile */,
				3BDCF9701FA02E1A008DE4A4 /* TanPanProject */,
				3BDCF96F1FA02E1A008DE4A4 /* Products */,
				55B5021FAF8200A90905F1A0 /* Pods */,
				75E3253C7EEEE97DD752A287 /* Frameworks */,
			);
			sourceTree = "<group>";
		};
		3BDCF96F1FA02E1A008DE4A4 /* Products */ = {
			isa = PBXGroup;
			children = (
				3BDCF96E1FA02E1A008DE4A4 /* TanPanProject.app */,
			);
			name = Products;
			sourceTree = "<group>";
		};
		3BDCF9701FA02E1A008DE4A4 /* TanPanProject */ = {
			isa = PBXGroup;
			children = (
				3BDCF98B1FA061D4008DE4A4 /* BasicClass */,
				3BDCF9741FA02E1A008DE4A4 /* AppDelegate.h */,
				3BDCF9751FA02E1A008DE4A4 /* AppDelegate.m */,
				3BDCF9771FA02E1A008DE4A4 /* ViewController.h */,
				3BDCF9781FA02E1A008DE4A4 /* ViewController.m */,
				3BDCF97A1FA02E1A008DE4A4 /* Main.storyboard */,
				3BDCF97D1FA02E1B008DE4A4 /* Assets.xcassets */,
				3BDCF97F1FA02E1B008DE4A4 /* LaunchScreen.storyboard */,
				3BDCF9821FA02E1B008DE4A4 /* Info.plist */,
				3BDCF9711FA02E1A008DE4A4 /* Supporting Files */,
				3BDC24B01FA1E5E400EB55EE /* TPTableViewCell.h */,
				3BDC24B11FA1E5E400EB55EE /* TPTableViewCell.m */,
			);
			path = TanPanProject;
			sourceTree = "<group>";
		};
		3BDCF9711FA02E1A008DE4A4 /* Supporting Files */ = {
			isa = PBXGroup;
			children = (
				3BDCF9721FA02E1A008DE4A4 /* main.m */,
				3BDCF98A1FA03053008DE4A4 /* PrefixHeader.pch */,
			);
			name = "Supporting Files";
			sourceTree = "<group>";
		};
		3BDCF98B1FA061D4008DE4A4 /* BasicClass */ = {
			isa = PBXGroup;
			children = (
				3BDCF98C1FA063E6008DE4A4 /* UIView+TPChildViewCategory.h */,
				3BDCF98D1FA063E6008DE4A4 /* UIView+TPChildViewCategory.m */,
				3BDCF98F1FA07C04008DE4A4 /* UIButton+TPButtonCategory.h */,
				3BDCF9901FA07C04008DE4A4 /* UIButton+TPButtonCategory.m */,
				3BDC24AD1FA187C500EB55EE /* TPTableView.h */,
				3BDC24AE1FA187C500EB55EE /* TPTableView.m */,
				3BA82B4C1FA2BC5700316816 /* TPView.h */,
				3BA82B4D1FA2BC5700316816 /* TPView.m */,
			);
			path = BasicClass;
			sourceTree = "<group>";
		};
		55B5021FAF8200A90905F1A0 /* Pods */ = {
			isa = PBXGroup;
			children = (
				4E5C525242CDBF9223216E44 /* Pods-TanPanProject.debug.xcconfig */,
				AA4F1654B138A30E9A8FAE70 /* Pods-TanPanProject.release.xcconfig */,
			);
			name = Pods;
			sourceTree = "<group>";
		};
		75E3253C7EEEE97DD752A287 /* Frameworks */ = {
			isa = PBXGroup;
			children = (
				8BE29C23E9DC9C97785D5011 /* libPods-TanPanProject.a */,
			);
			name = Frameworks;
			sourceTree = "<group>";
		};
/* End PBXGroup section */

/* Begin PBXNativeTarget section */
		3BDCF96D1FA02E1A008DE4A4 /* TanPanProject */ = {
			isa = PBXNativeTarget;
			buildConfigurationList = 3BDCF9851FA02E1B008DE4A4 /* Build configuration list for PBXNativeTarget "TanPanProject" */;
			buildPhases = (
				86C7370C0016B11425C855F6 /* [CP] Check Pods Manifest.lock */,
				3BDCF96A1FA02E1A008DE4A4 /* Sources */,
				3BDCF96B1FA02E1A008DE4A4 /* Frameworks */,
				3BDCF96C1FA02E1A008DE4A4 /* Resources */,
				548E7F01FDD2A05392691A70 /* [CP] Embed Pods Frameworks */,
				5E678B4051A3E23D7E6BD333 /* [CP] Copy Pods Resources */,
			);
			buildRules = (
			);
			dependencies = (
			);
			name = TanPanProject;
			productName = TanPanProject;
			productReference = 3BDCF96E1FA02E1A008DE4A4 /* TanPanProject.app */;
			productType = "com.apple.product-type.application";
		};
/* End PBXNativeTarget section */

/* Begin PBXProject section */
		3BDCF9661FA02E1A008DE4A4 /* Project object */ = {
			isa = PBXProject;
			attributes = {
				CLASSPREFIX = TP;
				LastUpgradeCheck = 0820;
				ORGANIZATIONNAME = "重庆网安信息技术有限公司";
				TargetAttributes = {
					3BDCF96D1FA02E1A008DE4A4 = {
						CreatedOnToolsVersion = 8.2;
						DevelopmentTeam = 843FYE8QKS;
						ProvisioningStyle = Automatic;
					};
				};
			};
			buildConfigurationList = 3BDCF9691FA02E1A008DE4A4 /* Build configuration list for PBXProject "TanPanProject" */;
			compatibilityVersion = "Xcode 3.2";
			developmentRegion = English;
			hasScannedForEncodings = 0;
			knownRegions = (
				en,
				Base,
			);
			mainGroup = 3BDCF9651FA02E1A008DE4A4;
			productRefGroup = 3BDCF96F1FA02E1A008DE4A4 /* Products */;
			projectDirPath = "";
			projectRoot = "";
			targets = (
				3BDCF96D1FA02E1A008DE4A4 /* TanPanProject */,
			);
		};
/* End PBXProject section */

/* Begin PBXResourcesBuildPhase section */
		3BDCF96C1FA02E1A008DE4A4 /* Resources */ = {
			isa = PBXResourcesBuildPhase;
			buildActionMask = 2147483647;
			files = (
				3BDCF9811FA02E1B008DE4A4 /* LaunchScreen.storyboard in Resources */,
				3BDCF97E1FA02E1B008DE4A4 /* Assets.xcassets in Resources */,
				3BDCF9891FA02FEA008DE4A4 /* Podfile in Resources */,
				3BDCF97C1FA02E1A008DE4A4 /* Main.storyboard in Resources */,
			);
			runOnlyForDeploymentPostprocessing = 0;
		};
/* End PBXResourcesBuildPhase section */

/* Begin PBXShellScriptBuildPhase section */
		548E7F01FDD2A05392691A70 /* [CP] Embed Pods Frameworks */ = {
			isa = PBXShellScriptBuildPhase;
			buildActionMask = 2147483647;
			files = (
			);
			inputPaths = (
			);
			name = "[CP] Embed Pods Frameworks";
			outputPaths = (
			);
			runOnlyForDeploymentPostprocessing = 0;
			shellPath = /bin/sh;
			shellScript = "\"${SRCROOT}/Pods/Target Support Files/Pods-TanPanProject/Pods-TanPanProject-frameworks.sh\"\n";
			showEnvVarsInLog = 0;
		};
		5E678B4051A3E23D7E6BD333 /* [CP] Copy Pods Resources */ = {
			isa = PBXShellScriptBuildPhase;
			buildActionMask = 2147483647;
			files = (
			);
			inputPaths = (
			);
			name = "[CP] Copy Pods Resources";
			outputPaths = (
			);
			runOnlyForDeploymentPostprocessing = 0;
			shellPath = /bin/sh;
			shellScript = "\"${SRCROOT}/Pods/Target Support Files/Pods-TanPanProject/Pods-TanPanProject-resources.sh\"\n";
			showEnvVarsInLog = 0;
		};
		86C7370C0016B11425C855F6 /* [CP] Check Pods Manifest.lock */ = {
			isa = PBXShellScriptBuildPhase;
			buildActionMask = 2147483647;
			files = (
			);
			inputPaths = (
			);
			name = "[CP] Check Pods Manifest.lock";
			outputPaths = (
			);
			runOnlyForDeploymentPostprocessing = 0;
			shellPath = /bin/sh;
			shellScript = "diff \"${PODS_PODFILE_DIR_PATH}/Podfile.lock\" \"${PODS_ROOT}/Manifest.lock\" > /dev/null\nif [ $? != 0 ] ; then\n    # print error to STDERR\n    echo \"error: The sandbox is not in sync with the Podfile.lock. Run 'pod install' or update your CocoaPods installation.\" >&2\n    exit 1\nfi\n";
			showEnvVarsInLog = 0;
		};
/* End PBXShellScriptBuildPhase section */

/* Begin PBXSourcesBuildPhase section */
		3BDCF96A1FA02E1A008DE4A4 /* Sources */ = {
			isa = PBXSourcesBuildPhase;
			buildActionMask = 2147483647;
			files = (
				3BDCF98E1FA063E6008DE4A4 /* UIView+TPChildViewCategory.m in Sources */,
				3BDC24AF1FA187C500EB55EE /* TPTableView.m in Sources */,
				3BA82B4E1FA2BC5700316816 /* TPView.m in Sources */,
				3BDCF9791FA02E1A008DE4A4 /* ViewController.m in Sources */,
				3BDCF9911FA07C04008DE4A4 /* UIButton+TPButtonCategory.m in Sources */,
				3BDC24B21FA1E5E400EB55EE /* TPTableViewCell.m in Sources */,
				3BDCF9761FA02E1A008DE4A4 /* AppDelegate.m in Sources */,
				3BDCF9731FA02E1A008DE4A4 /* main.m in Sources */,
			);
			runOnlyForDeploymentPostprocessing = 0;
		};
/* End PBXSourcesBuildPhase section */

/* Begin PBXVariantGroup section */
		3BDCF97A1FA02E1A008DE4A4 /* Main.storyboard */ = {
			isa = PBXVariantGroup;
			children = (
				3BDCF97B1FA02E1A008DE4A4 /* Base */,
			);
			name = Main.storyboard;
			sourceTree = "<group>";
		};
		3BDCF97F1FA02E1B008DE4A4 /* LaunchScreen.storyboard */ = {
			isa = PBXVariantGroup;
			children = (
				3BDCF9801FA02E1B008DE4A4 /* Base */,
			);
			name = LaunchScreen.storyboard;
			sourceTree = "<group>";
		};
/* End PBXVariantGroup section */

/* Begin XCBuildConfiguration section */
		3BDCF9831FA02E1B008DE4A4 /* Debug */ = {
			isa = XCBuildConfiguration;
			buildSettings = {
				ALWAYS_SEARCH_USER_PATHS = NO;
				CLANG_ANALYZER_NONNULL = YES;
				CLANG_CXX_LANGUAGE_STANDARD = "gnu++0x";
				CLANG_CXX_LIBRARY = "libc++";
				CLANG_ENABLE_MODULES = YES;
				CLANG_ENABLE_OBJC_ARC = YES;
				CLANG_WARN_BOOL_CONVERSION = YES;
				CLANG_WARN_CONSTANT_CONVERSION = YES;
				CLANG_WARN_DIRECT_OBJC_ISA_USAGE = YES_ERROR;
				CLANG_WARN_DOCUMENTATION_COMMENTS = YES;
				CLANG_WARN_EMPTY_BODY = YES;
				CLANG_WARN_ENUM_CONVERSION = YES;
				CLANG_WARN_INFINITE_RECURSION = YES;
				CLANG_WARN_INT_CONVERSION = YES;
				CLANG_WARN_OBJC_ROOT_CLASS = YES_ERROR;
				CLANG_WARN_SUSPICIOUS_MOVE = YES;
				CLANG_WARN_UNREACHABLE_CODE = YES;
				CLANG_WARN__DUPLICATE_METHOD_MATCH = YES;
				"CODE_SIGN_IDENTITY[sdk=iphoneos*]" = "iPhone Developer";
				COPY_PHASE_STRIP = NO;
				DEBUG_INFORMATION_FORMAT = dwarf;
				ENABLE_STRICT_OBJC_MSGSEND = YES;
				ENABLE_TESTABILITY = YES;
				GCC_C_LANGUAGE_STANDARD = gnu99;
				GCC_DYNAMIC_NO_PIC = NO;
				GCC_NO_COMMON_BLOCKS = YES;
				GCC_OPTIMIZATION_LEVEL = 0;
				GCC_PREPROCESSOR_DEFINITIONS = (
					"DEBUG=1",
					"$(inherited)",
				);
				GCC_WARN_64_TO_32_BIT_CONVERSION = YES;
				GCC_WARN_ABOUT_RETURN_TYPE = YES_ERROR;
				GCC_WARN_UNDECLARED_SELECTOR = YES;
				GCC_WARN_UNINITIALIZED_AUTOS = YES_AGGRESSIVE;
				GCC_WARN_UNUSED_FUNCTION = YES;
				GCC_WARN_UNUSED_VARIABLE = YES;
				IPHONEOS_DEPLOYMENT_TARGET = 10.2;
				MTL_ENABLE_DEBUG_INFO = YES;
				ONLY_ACTIVE_ARCH = YES;
				SDKROOT = iphoneos;
			};
			name = Debug;
		};
		3BDCF9841FA02E1B008DE4A4 /* Release */ = {
			isa = XCBuildConfiguration;
			buildSettings = {
				ALWAYS_SEARCH_USER_PATHS = NO;
				CLANG_ANALYZER_NONNULL = YES;
				CLANG_CXX_LANGUAGE_STANDARD = "gnu++0x";
				CLANG_CXX_LIBRARY = "libc++";
				CLANG_ENABLE_MODULES = YES;
				CLANG_ENABLE_OBJC_ARC = YES;
				CLANG_WARN_BOOL_CONVERSION = YES;
				CLANG_WARN_CONSTANT_CONVERSION = YES;
				CLANG_WARN_DIRECT_OBJC_ISA_USAGE = YES_ERROR;
				CLANG_WARN_DOCUMENTATION_COMMENTS = YES;
				CLANG_WARN_EMPTY_BODY = YES;
				CLANG_WARN_ENUM_CONVERSION = YES;
				CLANG_WARN_INFINITE_RECURSION = YES;
				CLANG_WARN_INT_CONVERSION = YES;
				CLANG_WARN_OBJC_ROOT_CLASS = YES_ERROR;
				CLANG_WARN_SUSPICIOUS_MOVE = YES;
				CLANG_WARN_UNREACHABLE_CODE = YES;
				CLANG_WARN__DUPLICATE_METHOD_MATCH = YES;
				"CODE_SIGN_IDENTITY[sdk=iphoneos*]" = "iPhone Developer";
				COPY_PHASE_STRIP = NO;
				DEBUG_INFORMATION_FORMAT = "dwarf-with-dsym";
				ENABLE_NS_ASSERTIONS = NO;
				ENABLE_STRICT_OBJC_MSGSEND = YES;
				GCC_C_LANGUAGE_STANDARD = gnu99;
				GCC_NO_COMMON_BLOCKS = YES;
				GCC_WARN_64_TO_32_BIT_CONVERSION = YES;
				GCC_WARN_ABOUT_RETURN_TYPE = YES_ERROR;
				GCC_WARN_UNDECLARED_SELECTOR = YES;
				GCC_WARN_UNINITIALIZED_AUTOS = YES_AGGRESSIVE;
				GCC_WARN_UNUSED_FUNCTION = YES;
				GCC_WARN_UNUSED_VARIABLE = YES;
				IPHONEOS_DEPLOYMENT_TARGET = 10.2;
				MTL_ENABLE_DEBUG_INFO = NO;
				SDKROOT = iphoneos;
				VALIDATE_PRODUCT = YES;
			};
			name = Release;
		};
		3BDCF9861FA02E1B008DE4A4 /* Debug */ = {
			isa = XCBuildConfiguration;
			baseConfigurationReference = 4E5C525242CDBF9223216E44 /* Pods-TanPanProject.debug.xcconfig */;
			buildSettings = {
				ASSETCATALOG_COMPILER_APPICON_NAME = AppIcon;
				DEVELOPMENT_TEAM = 843FYE8QKS;
				GCC_PRECOMPILE_PREFIX_HEADER = YES;
				GCC_PREFIX_HEADER = TanPanProject/PrefixHeader.pch;
				INFOPLIST_FILE = TanPanProject/Info.plist;
				LD_RUNPATH_SEARCH_PATHS = "$(inherited) @executable_path/Frameworks";
				PRODUCT_BUNDLE_IDENTIFIER = com.wangan.TanPanProject;
				PRODUCT_NAME = "$(TARGET_NAME)";
			};
			name = Debug;
		};
		3BDCF9871FA02E1B008DE4A4 /* Release */ = {
			isa = XCBuildConfiguration;
			baseConfigurationReference = AA4F1654B138A30E9A8FAE70 /* Pods-TanPanProject.release.xcconfig */;
			buildSettings = {
				ASSETCATALOG_COMPILER_APPICON_NAME = AppIcon;
				DEVELOPMENT_TEAM = 843FYE8QKS;
				GCC_PRECOMPILE_PREFIX_HEADER = YES;
				GCC_PREFIX_HEADER = TanPanProject/PrefixHeader.pch;
				INFOPLIST_FILE = TanPanProject/Info.plist;
				LD_RUNPATH_SEARCH_PATHS = "$(inherited) @executable_path/Frameworks";
				PRODUCT_BUNDLE_IDENTIFIER = com.wangan.TanPanProject;
				PRODUCT_NAME = "$(TARGET_NAME)";
			};
			name = Release;
		};
/* End XCBuildConfiguration section */

/* Begin XCConfigurationList section */
		3BDCF9691FA02E1A008DE4A4 /* Build configuration list for PBXProject "TanPanProject" */ = {
			isa = XCConfigurationList;
			buildConfigurations = (
				3BDCF9831FA02E1B008DE4A4 /* Debug */,
				3BDCF9841FA02E1B008DE4A4 /* Release */,
			);
			defaultConfigurationIsVisible = 0;
			defaultConfigurationName = Release;
		};
		3BDCF9851FA02E1B008DE4A4 /* Build configuration list for PBXNativeTarget "TanPanProject" */ = {
			isa = XCConfigurationList;
			buildConfigurations = (
				3BDCF9861FA02E1B008DE4A4 /* Debug */,
				3BDCF9871FA02E1B008DE4A4 /* Release */,
			);
			defaultConfigurationIsVisible = 0;
			defaultConfigurationName = Release;
		};
/* End XCConfigurationList section */
	};
	rootObject = 3BDCF9661FA02E1A008DE4A4 /* Project object */;
}
